
Microsoft Visual Studio Solution File, Format Version 12.00
# Visual Studio 15
VisualStudioVersion = 15.0.28010.2046
MinimumVisualStudioVersion = 10.0.40219.1
Project("{2150E333-8FDC-42A3-9474-1A3956D46DE8}") = "Feature", "Feature", "{82755007-8864-4A9C-B5C3-85DA38414793}"
EndProject
Project("{2150E333-8FDC-42A3-9474-1A3956D46DE8}") = "Foundation", "Foundation", "{4747B38C-02A3-46B4-9834-DE59B664C758}"
EndProject
Project("{2150E333-8FDC-42A3-9474-1A3956D46DE8}") = "Project", "Project", "{4322A682-1A35-4407-814B-0F5EC9CFEA05}"
EndProject
Project("{2150E333-8FDC-42A3-9474-1A3956D46DE8}") = "Website", "Website", "{ED0BEBD4-45C7-4F5A-8EA5-C31AAEBE7C02}"
EndProject
Project("{2150E333-8FDC-42A3-9474-1A3956D46DE8}") = "Navigation", "Navigation", "{474DAAAF-977E-4F1F-A468-BF9F01DF9D8E}"
EndProject
Project("{FAE04EC0-301F-11D3-BF4B-00C04F79EFBC}") = "Helix.Test.Feature.Navigation", "src\Feature\Navigation\code\Helix.Test.Feature.Navigation.csproj", "{4A3B3E62-CDC3-469B-9844-DA8286235966}"
EndProject
Project("{FAE04EC0-301F-11D3-BF4B-00C04F79EFBC}") = "Helix.Test.Project.Website", "src\Project\Website\code\Helix.Test.Project.Website.csproj", "{34C095D3-B118-499A-A345-BB4217982694}"
EndProject
Project("{2150E333-8FDC-42A3-9474-1A3956D46DE8}") = "Serialization", "Serialization", "{A0DCABA3-0B17-4A21-BF2E-C3A5CD1629CD}"
EndProject
Project("{FAE04EC0-301F-11D3-BF4B-00C04F79EFBC}") = "Helix.Test.Foundation.Serialization", "src\Foundation\Serialization\code\Helix.Test.Foundation.Serialization.csproj", "{612CED82-87A0-453B-8A9F-2CED67599757}"
EndProject
Project("{2150E333-8FDC-42A3-9474-1A3956D46DE8}") = "Content", "Content", "{CEDD7262-0986-4328-8033-BDB023412FDF}"
EndProject
Project("{FAE04EC0-301F-11D3-BF4B-00C04F79EFBC}") = "Helix.Test.Feature.Content", "src\Feature\Content\code\Helix.Test.Feature.Content.csproj", "{5F046D53-2052-4794-9E97-B779D7AE7525}"
EndProject
Project("{2150E333-8FDC-42A3-9474-1A3956D46DE8}") = "Media", "Media", "{7DB8B34D-D313-4B9F-B654-8087B27B22F3}"
EndProject
Project("{FAE04EC0-301F-11D3-BF4B-00C04F79EFBC}") = "Helix.Test.Feature.Media", "src\Feature\Media\code\Helix.Test.Feature.Media.csproj", "{23A52296-DF8B-4A37-80D9-64053B3B0BE8}"
EndProject
Global
	GlobalSection(SolutionConfigurationPlatforms) = preSolution
		Debug|Any CPU = Debug|Any CPU
		Release|Any CPU = Release|Any CPU
	EndGlobalSection
	GlobalSection(ProjectConfigurationPlatforms) = postSolution
		{4A3B3E62-CDC3-469B-9844-DA8286235966}.Debug|Any CPU.ActiveCfg = Debug|Any CPU
		{4A3B3E62-CDC3-469B-9844-DA8286235966}.Debug|Any CPU.Build.0 = Debug|Any CPU
		{4A3B3E62-CDC3-469B-9844-DA8286235966}.Release|Any CPU.ActiveCfg = Release|Any CPU
		{4A3B3E62-CDC3-469B-9844-DA8286235966}.Release|Any CPU.Build.0 = Release|Any CPU
		{34C095D3-B118-499A-A345-BB4217982694}.Debug|Any CPU.ActiveCfg = Debug|Any CPU
		{34C095D3-B118-499A-A345-BB4217982694}.Debug|Any CPU.Build.0 = Debug|Any CPU
		{34C095D3-B118-499A-A345-BB4217982694}.Release|Any CPU.ActiveCfg = Release|Any CPU
		{34C095D3-B118-499A-A345-BB4217982694}.Release|Any CPU.Build.0 = Release|Any CPU
		{612CED82-87A0-453B-8A9F-2CED67599757}.Debug|Any CPU.ActiveCfg = Debug|Any CPU
		{612CED82-87A0-453B-8A9F-2CED67599757}.Debug|Any CPU.Build.0 = Debug|Any CPU
		{612CED82-87A0-453B-8A9F-2CED67599757}.Release|Any CPU.ActiveCfg = Release|Any CPU
		{612CED82-87A0-453B-8A9F-2CED67599757}.Release|Any CPU.Build.0 = Release|Any CPU
		{5F046D53-2052-4794-9E97-B779D7AE7525}.Debug|Any CPU.ActiveCfg = Debug|Any CPU
		{5F046D53-2052-4794-9E97-B779D7AE7525}.Debug|Any CPU.Build.0 = Debug|Any CPU
		{5F046D53-2052-4794-9E97-B779D7AE7525}.Release|Any CPU.ActiveCfg = Release|Any CPU
		{5F046D53-2052-4794-9E97-B779D7AE7525}.Release|Any CPU.Build.0 = Release|Any CPU
		{23A52296-DF8B-4A37-80D9-64053B3B0BE8}.Debug|Any CPU.ActiveCfg = Debug|Any CPU
		{23A52296-DF8B-4A37-80D9-64053B3B0BE8}.Debug|Any CPU.Build.0 = Debug|Any CPU
		{23A52296-DF8B-4A37-80D9-64053B3B0BE8}.Release|Any CPU.ActiveCfg = Release|Any CPU
		{23A52296-DF8B-4A37-80D9-64053B3B0BE8}.Release|Any CPU.Build.0 = Release|Any CPU
	EndGlobalSection
	GlobalSection(SolutionProperties) = preSolution
		HideSolutionNode = FALSE
	EndGlobalSection
	GlobalSection(NestedProjects) = preSolution
		{ED0BEBD4-45C7-4F5A-8EA5-C31AAEBE7C02} = {4322A682-1A35-4407-814B-0F5EC9CFEA05}
		{474DAAAF-977E-4F1F-A468-BF9F01DF9D8E} = {82755007-8864-4A9C-B5C3-85DA38414793}
		{4A3B3E62-CDC3-469B-9844-DA8286235966} = {474DAAAF-977E-4F1F-A468-BF9F01DF9D8E}
		{34C095D3-B118-499A-A345-BB4217982694} = {ED0BEBD4-45C7-4F5A-8EA5-C31AAEBE7C02}
		{A0DCABA3-0B17-4A21-BF2E-C3A5CD1629CD} = {4747B38C-02A3-46B4-9834-DE59B664C758}
		{612CED82-87A0-453B-8A9F-2CED67599757} = {A0DCABA3-0B17-4A21-BF2E-C3A5CD1629CD}
		{CEDD7262-0986-4328-8033-BDB023412FDF} = {82755007-8864-4A9C-B5C3-85DA38414793}
		{5F046D53-2052-4794-9E97-B779D7AE7525} = {CEDD7262-0986-4328-8033-BDB023412FDF}
		{7DB8B34D-D313-4B9F-B654-8087B27B22F3} = {82755007-8864-4A9C-B5C3-85DA38414793}
		{23A52296-DF8B-4A37-80D9-64053B3B0BE8} = {7DB8B34D-D313-4B9F-B654-8087B27B22F3}
	EndGlobalSection
	GlobalSection(ExtensibilityGlobals) = postSolution
		SolutionGuid = {9208DEDD-0615-4FE5-B15F-721B5D877823}
	EndGlobalSection
EndGlobal
